
Microsoft Visual Studio Solution File, Format Version 12.00
# Visual Studio Version 17
VisualStudioVersion = 17.3.32929.385
MinimumVisualStudioVersion = 10.0.40219.1
Project("{8BC9CEB8-8B4A-11D0-8D11-00A0C91BC942}") = "IntroductionToOOP", "IntroductionToOOP\IntroductionToOOP.vcxproj", "{DEE08785-D90E-4AAD-BFD6-F03A974D7EFB}"
EndProject
Project("{8BC9CEB8-8B4A-11D0-8D11-00A0C91BC942}") = "Project1", "Project1\Project1.vcxproj", "{ADE223F0-A299-475F-A4F9-E3E90D4AA94B}"
EndProject
Project("{8BC9CEB8-8B4A-11D0-8D11-00A0C91BC942}") = "Project2", "Project2\Project2.vcxproj", "{4A43703B-E3F0-4D25-BFFC-87452049F523}"
EndProject
Project("{8BC9CEB8-8B4A-11D0-8D11-00A0C91BC942}") = "Fraction", "Fraction\Fraction.vcxproj", "{2D308561-D2A7-4F45-988A-AD7CE4710171}"
EndProject
Project("{8BC9CEB8-8B4A-11D0-8D11-00A0C91BC942}") = "Fraction_na_uroke", "Fraction_na_uroke\Fraction_na_uroke.vcxproj", "{BBD6D4E1-7ED7-4F8D-AD8A-86DBBA3D9064}"
EndProject
Project("{8BC9CEB8-8B4A-11D0-8D11-00A0C91BC942}") = "Split", "Split\Split.vcxproj", "{53DB1CF8-F0E7-4594-887A-6F86EF420D0F}"
EndProject
Project("{8BC9CEB8-8B4A-11D0-8D11-00A0C91BC942}") = "DynamicMemory", "DynamicMemory\DynamicMemory.vcxproj", "{085CEEC7-B5E8-43E3-8F91-6230FDFE4CE6}"
EndProject
Project("{8BC9CEB8-8B4A-11D0-8D11-00A0C91BC942}") = "String", "String\String.vcxproj", "{88846648-79B4-4AC1-BDDA-202C24FA99DC}"
EndProject
Project("{8BC9CEB8-8B4A-11D0-8D11-00A0C91BC942}") = "Inharitans", "Inharitans\Inharitans.vcxproj", "{64F8F2A8-4626-4F65-95D0-AA370732A6E1}"
EndProject
Project("{8BC9CEB8-8B4A-11D0-8D11-00A0C91BC942}") = "Matrix", "Matrix\Matrix.vcxproj", "{DF8FA87E-D029-4175-A4C9-B5C1499DAD6D}"
EndProject
Project("{8BC9CEB8-8B4A-11D0-8D11-00A0C91BC942}") = "Abstract_klass", "Abstract_klass\Abstract_klass.vcxproj", "{37AB1DDB-BC1A-4CF7-9002-4DA23C945D36}"
EndProject
Global
	GlobalSection(SolutionConfigurationPlatforms) = preSolution
		Debug|x64 = Debug|x64
		Debug|x86 = Debug|x86
		Release|x64 = Release|x64
		Release|x86 = Release|x86
	EndGlobalSection
	GlobalSection(ProjectConfigurationPlatforms) = postSolution
		{DEE08785-D90E-4AAD-BFD6-F03A974D7EFB}.Debug|x64.ActiveCfg = Debug|x64
		{DEE08785-D90E-4AAD-BFD6-F03A974D7EFB}.Debug|x64.Build.0 = Debug|x64
		{DEE08785-D90E-4AAD-BFD6-F03A974D7EFB}.Debug|x86.ActiveCfg = Debug|Win32
		{DEE08785-D90E-4AAD-BFD6-F03A974D7EFB}.Debug|x86.Build.0 = Debug|Win32
		{DEE08785-D90E-4AAD-BFD6-F03A974D7EFB}.Release|x64.ActiveCfg = Release|x64
		{DEE08785-D90E-4AAD-BFD6-F03A974D7EFB}.Release|x64.Build.0 = Release|x64
		{DEE08785-D90E-4AAD-BFD6-F03A974D7EFB}.Release|x86.ActiveCfg = Release|Win32
		{DEE08785-D90E-4AAD-BFD6-F03A974D7EFB}.Release|x86.Build.0 = Release|Win32
		{ADE223F0-A299-475F-A4F9-E3E90D4AA94B}.Debug|x64.ActiveCfg = Debug|x64
		{ADE223F0-A299-475F-A4F9-E3E90D4AA94B}.Debug|x64.Build.0 = Debug|x64
		{ADE223F0-A299-475F-A4F9-E3E90D4AA94B}.Debug|x86.ActiveCfg = Debug|Win32
		{ADE223F0-A299-475F-A4F9-E3E90D4AA94B}.Debug|x86.Build.0 = Debug|Win32
		{ADE223F0-A299-475F-A4F9-E3E90D4AA94B}.Release|x64.ActiveCfg = Release|x64
		{ADE223F0-A299-475F-A4F9-E3E90D4AA94B}.Release|x64.Build.0 = Release|x64
		{ADE223F0-A299-475F-A4F9-E3E90D4AA94B}.Release|x86.ActiveCfg = Release|Win32
		{ADE223F0-A299-475F-A4F9-E3E90D4AA94B}.Release|x86.Build.0 = Release|Win32
		{4A43703B-E3F0-4D25-BFFC-87452049F523}.Debug|x64.ActiveCfg = Debug|x64
		{4A43703B-E3F0-4D25-BFFC-87452049F523}.Debug|x64.Build.0 = Debug|x64
		{4A43703B-E3F0-4D25-BFFC-87452049F523}.Debug|x86.ActiveCfg = Debug|Win32
		{4A43703B-E3F0-4D25-BFFC-87452049F523}.Debug|x86.Build.0 = Debug|Win32
		{4A43703B-E3F0-4D25-BFFC-87452049F523}.Release|x64.ActiveCfg = Release|x64
		{4A43703B-E3F0-4D25-BFFC-87452049F523}.Release|x64.Build.0 = Release|x64
		{4A43703B-E3F0-4D25-BFFC-87452049F523}.Release|x86.ActiveCfg = Release|Win32
		{4A43703B-E3F0-4D25-BFFC-87452049F523}.Release|x86.Build.0 = Release|Win32
		{2D308561-D2A7-4F45-988A-AD7CE4710171}.Debug|x64.ActiveCfg = Debug|x64
		{2D308561-D2A7-4F45-988A-AD7CE4710171}.Debug|x64.Build.0 = Debug|x64
		{2D308561-D2A7-4F45-988A-AD7CE4710171}.Debug|x86.ActiveCfg = Debug|Win32
		{2D308561-D2A7-4F45-988A-AD7CE4710171}.Debug|x86.Build.0 = Debug|Win32
		{2D308561-D2A7-4F45-988A-AD7CE4710171}.Release|x64.ActiveCfg = Release|x64
		{2D308561-D2A7-4F45-988A-AD7CE4710171}.Release|x64.Build.0 = Release|x64
		{2D308561-D2A7-4F45-988A-AD7CE4710171}.Release|x86.ActiveCfg = Release|Win32
		{2D308561-D2A7-4F45-988A-AD7CE4710171}.Release|x86.Build.0 = Release|Win32
		{BBD6D4E1-7ED7-4F8D-AD8A-86DBBA3D9064}.Debug|x64.ActiveCfg = Debug|x64
		{BBD6D4E1-7ED7-4F8D-AD8A-86DBBA3D9064}.Debug|x64.Build.0 = Debug|x64
		{BBD6D4E1-7ED7-4F8D-AD8A-86DBBA3D9064}.Debug|x86.ActiveCfg = Debug|Win32
		{BBD6D4E1-7ED7-4F8D-AD8A-86DBBA3D9064}.Debug|x86.Build.0 = Debug|Win32
		{BBD6D4E1-7ED7-4F8D-AD8A-86DBBA3D9064}.Release|x64.ActiveCfg = Release|x64
		{BBD6D4E1-7ED7-4F8D-AD8A-86DBBA3D9064}.Release|x64.Build.0 = Release|x64
		{BBD6D4E1-7ED7-4F8D-AD8A-86DBBA3D9064}.Release|x86.ActiveCfg = Release|Win32
		{BBD6D4E1-7ED7-4F8D-AD8A-86DBBA3D9064}.Release|x86.Build.0 = Release|Win32
		{53DB1CF8-F0E7-4594-887A-6F86EF420D0F}.Debug|x64.ActiveCfg = Debug|x64
		{53DB1CF8-F0E7-4594-887A-6F86EF420D0F}.Debug|x64.Build.0 = Debug|x64
		{53DB1CF8-F0E7-4594-887A-6F86EF420D0F}.Debug|x86.ActiveCfg = Debug|Win32
		{53DB1CF8-F0E7-4594-887A-6F86EF420D0F}.Debug|x86.Build.0 = Debug|Win32
		{53DB1CF8-F0E7-4594-887A-6F86EF420D0F}.Release|x64.ActiveCfg = Release|x64
		{53DB1CF8-F0E7-4594-887A-6F86EF420D0F}.Release|x64.Build.0 = Release|x64
		{53DB1CF8-F0E7-4594-887A-6F86EF420D0F}.Release|x86.ActiveCfg = Release|Win32
		{53DB1CF8-F0E7-4594-887A-6F86EF420D0F}.Release|x86.Build.0 = Release|Win32
		{085CEEC7-B5E8-43E3-8F91-6230FDFE4CE6}.Debug|x64.ActiveCfg = Debug|x64
		{085CEEC7-B5E8-43E3-8F91-6230FDFE4CE6}.Debug|x64.Build.0 = Debug|x64
		{085CEEC7-B5E8-43E3-8F91-6230FDFE4CE6}.Debug|x86.ActiveCfg = Debug|Win32
		{085CEEC7-B5E8-43E3-8F91-6230FDFE4CE6}.Debug|x86.Build.0 = Debug|Win32
		{085CEEC7-B5E8-43E3-8F91-6230FDFE4CE6}.Release|x64.ActiveCfg = Release|x64
		{085CEEC7-B5E8-43E3-8F91-6230FDFE4CE6}.Release|x64.Build.0 = Release|x64
		{085CEEC7-B5E8-43E3-8F91-6230FDFE4CE6}.Release|x86.ActiveCfg = Release|Win32
		{085CEEC7-B5E8-43E3-8F91-6230FDFE4CE6}.Release|x86.Build.0 = Release|Win32
		{88846648-79B4-4AC1-BDDA-202C24FA99DC}.Debug|x64.ActiveCfg = Debug|x64
		{88846648-79B4-4AC1-BDDA-202C24FA99DC}.Debug|x64.Build.0 = Debug|x64
		{88846648-79B4-4AC1-BDDA-202C24FA99DC}.Debug|x86.ActiveCfg = Debug|Win32
		{88846648-79B4-4AC1-BDDA-202C24FA99DC}.Debug|x86.Build.0 = Debug|Win32
		{88846648-79B4-4AC1-BDDA-202C24FA99DC}.Release|x64.ActiveCfg = Release|x64
		{88846648-79B4-4AC1-BDDA-202C24FA99DC}.Release|x64.Build.0 = Release|x64
		{88846648-79B4-4AC1-BDDA-202C24FA99DC}.Release|x86.ActiveCfg = Release|Win32
		{88846648-79B4-4AC1-BDDA-202C24FA99DC}.Release|x86.Build.0 = Release|Win32
		{64F8F2A8-4626-4F65-95D0-AA370732A6E1}.Debug|x64.ActiveCfg = Debug|x64
		{64F8F2A8-4626-4F65-95D0-AA370732A6E1}.Debug|x64.Build.0 = Debug|x64
		{64F8F2A8-4626-4F65-95D0-AA370732A6E1}.Debug|x86.ActiveCfg = Debug|Win32
		{64F8F2A8-4626-4F65-95D0-AA370732A6E1}.Debug|x86.Build.0 = Debug|Win32
		{64F8F2A8-4626-4F65-95D0-AA370732A6E1}.Release|x64.ActiveCfg = Release|x64
		{64F8F2A8-4626-4F65-95D0-AA370732A6E1}.Release|x64.Build.0 = Release|x64
		{64F8F2A8-4626-4F65-95D0-AA370732A6E1}.Release|x86.ActiveCfg = Release|Win32
		{64F8F2A8-4626-4F65-95D0-AA370732A6E1}.Release|x86.Build.0 = Release|Win32
		{DF8FA87E-D029-4175-A4C9-B5C1499DAD6D}.Debug|x64.ActiveCfg = Debug|x64
		{DF8FA87E-D029-4175-A4C9-B5C1499DAD6D}.Debug|x64.Build.0 = Debug|x64
		{DF8FA87E-D029-4175-A4C9-B5C1499DAD6D}.Debug|x86.ActiveCfg = Debug|Win32
		{DF8FA87E-D029-4175-A4C9-B5C1499DAD6D}.Debug|x86.Build.0 = Debug|Win32
		{DF8FA87E-D029-4175-A4C9-B5C1499DAD6D}.Release|x64.ActiveCfg = Release|x64
		{DF8FA87E-D029-4175-A4C9-B5C1499DAD6D}.Release|x64.Build.0 = Release|x64
		{DF8FA87E-D029-4175-A4C9-B5C1499DAD6D}.Release|x86.ActiveCfg = Release|Win32
		{DF8FA87E-D029-4175-A4C9-B5C1499DAD6D}.Release|x86.Build.0 = Release|Win32
		{37AB1DDB-BC1A-4CF7-9002-4DA23C945D36}.Debug|x64.ActiveCfg = Debug|x64
		{37AB1DDB-BC1A-4CF7-9002-4DA23C945D36}.Debug|x64.Build.0 = Debug|x64
		{37AB1DDB-BC1A-4CF7-9002-4DA23C945D36}.Debug|x86.ActiveCfg = Debug|Win32
		{37AB1DDB-BC1A-4CF7-9002-4DA23C945D36}.Debug|x86.Build.0 = Debug|Win32
		{37AB1DDB-BC1A-4CF7-9002-4DA23C945D36}.Release|x64.ActiveCfg = Release|x64
		{37AB1DDB-BC1A-4CF7-9002-4DA23C945D36}.Release|x64.Build.0 = Release|x64
		{37AB1DDB-BC1A-4CF7-9002-4DA23C945D36}.Release|x86.ActiveCfg = Release|Win32
		{37AB1DDB-BC1A-4CF7-9002-4DA23C945D36}.Release|x86.Build.0 = Release|Win32
	EndGlobalSection
	GlobalSection(SolutionProperties) = preSolution
		HideSolutionNode = FALSE
	EndGlobalSection
	GlobalSection(ExtensibilityGlobals) = postSolution
		SolutionGuid = {3582EEF6-D073-4ECB-B4DE-B338A5382397}
	EndGlobalSection
EndGlobal
